
Microsoft Visual Studio Solution File, Format Version 12.00
# Visual Studio Version 17
VisualStudioVersion = 17.6.33829.357
MinimumVisualStudioVersion = 10.0.40219.1
Project("{FAE04EC0-301F-11D3-BF4B-00C04F79EFBC}") = "WebApplicationFileManager", "WebApplicationFileManager\WebApplicationFileManager.csproj", "{E8A8062C-E55C-4EC6-97A1-F7AC2A6E8FE3}"
EndProject
Global
	GlobalSection(SolutionConfigurationPlatforms) = preSolution
		Debug|Any CPU = Debug|Any CPU
		Release|Any CPU = Release|Any CPU
	EndGlobalSection
	GlobalSection(ProjectConfigurationPlatforms) = postSolution
		{E8A8062C-E55C-4EC6-97A1-F7AC2A6E8FE3}.Debug|Any CPU.ActiveCfg = Debug|Any CPU
		{E8A8062C-E55C-4EC6-97A1-F7AC2A6E8FE3}.Debug|Any CPU.Build.0 = Debug|Any CPU
		{E8A8062C-E55C-4EC6-97A1-F7AC2A6E8FE3}.Release|Any CPU.ActiveCfg = Release|Any CPU
		{E8A8062C-E55C-4EC6-97A1-F7AC2A6E8FE3}.Release|Any CPU.Build.0 = Release|Any CPU
	EndGlobalSection
	GlobalSection(SolutionProperties) = preSolution
		HideSolutionNode = FALSE
	EndGlobalSection
	GlobalSection(ExtensibilityGlobals) = postSolution
		SolutionGuid = {3E21BD23-9D1B-4B01-A337-0C0428EC3B56}
	EndGlobalSection
EndGlobal
